// !$*UTF8*$!
{
	archiveVersion = 1;
	classes = {
	};
	objectVersion = 77;
	objects = {

/* Begin PBXContainerItemProxy section */
		FC72C5F92CC54E8B005297A1 /* PBXContainerItemProxy */ = {
			isa = PBXContainerItemProxy;
			containerPortal = FC72C5E02CC54E8A005297A1 /* Project object */;
			proxyType = 1;
			remoteGlobalIDString = FC72C5E72CC54E8A005297A1;
			remoteInfo = PocketPoker;
		};
		FC72C6032CC54E8B005297A1 /* PBXContainerItemProxy */ = {
			isa = PBXContainerItemProxy;
			containerPortal = FC72C5E02CC54E8A005297A1 /* Project object */;
			proxyType = 1;
			remoteGlobalIDString = FC72C5E72CC54E8A005297A1;
			remoteInfo = PocketPoker;
		};
/* End PBXContainerItemProxy section */

/* Begin PBXFileReference section */
		FC72C5E82CC54E8A005297A1 /* PocketPoker.app */ = {isa = PBXFileReference; explicitFileType = wrapper.application; includeInIndex = 0; path = PocketPoker.app; sourceTree = BUILT_PRODUCTS_DIR; };
		FC72C5F82CC54E8B005297A1 /* PocketPokerTests.xctest */ = {isa = PBXFileReference; explicitFileType = wrapper.cfbundle; includeInIndex = 0; path = PocketPokerTests.xctest; sourceTree = BUILT_PRODUCTS_DIR; };
		FC72C6022CC54E8B005297A1 /* PocketPokerUITests.xctest */ = {isa = PBXFileReference; explicitFileType = wrapper.cfbundle; includeInIndex = 0; path = PocketPokerUITests.xctest; sourceTree = BUILT_PRODUCTS_DIR; };
/* End PBXFileReference section */

/* Begin PBXFileSystemSynchronizedRootGroup section */
		FC72C5EA2CC54E8A005297A1 /* PocketPoker */ = {
			isa = PBXFileSystemSynchronizedRootGroup;
			path = PocketPoker;
			sourceTree = "<group>";
		};
		FC72C5FB2CC54E8B005297A1 /* PocketPokerTests */ = {
			isa = PBXFileSystemSynchronizedRootGroup;
			path = PocketPokerTests;
			sourceTree = "<group>";
		};
		FC72C6052CC54E8B005297A1 /* PocketPokerUITests */ = {
			isa = PBXFileSystemSynchronizedRootGroup;
			path = PocketPokerUITests;
			sourceTree = "<group>";
		};
/* End PBXFileSystemSynchronizedRootGroup section */

/* Begin PBXFrameworksBuildPhase section */
		FC72C5E52CC54E8A005297A1 /* Frameworks */ = {
			isa = PBXFrameworksBuildPhase;
			buildActionMask = 2147483647;
			files = (
			);
			runOnlyForDeploymentPostprocessing = 0;
		};
		FC72C5F52CC54E8B005297A1 /* Frameworks */ = {
			isa = PBXFrameworksBuildPhase;
			buildActionMask = 2147483647;
			files = (
			);
			runOnlyForDeploymentPostprocessing = 0;
		};
		FC72C5FF2CC54E8B005297A1 /* Frameworks */ = {
			isa = PBXFrameworksBuildPhase;
			buildActionMask = 2147483647;
			files = (
			);
			runOnlyForDeploymentPostprocessing = 0;
		};
/* End PBXFrameworksBuildPhase section */

/* Begin PBXGroup section */
		FC72C5DF2CC54E8A005297A1 = {
			isa = PBXGroup;
			children = (
				FC72C5EA2CC54E8A005297A1 /* PocketPoker */,
				FC72C5FB2CC54E8B005297A1 /* PocketPokerTests */,
				FC72C6052CC54E8B005297A1 /* PocketPokerUITests */,
				FC72C5E92CC54E8A005297A1 /* Products */,
			);
			sourceTree = "<group>";
		};
		FC72C5E92CC54E8A005297A1 /* Products */ = {
			isa = PBXGroup;
			children = (
				FC72C5E82CC54E8A005297A1 /* PocketPoker.app */,
				FC72C5F82CC54E8B005297A1 /* PocketPokerTests.xctest */,
				FC72C6022CC54E8B005297A1 /* PocketPokerUITests.xctest */,
			);
			name = Products;
			sourceTree = "<group>";
		};
/* End PBXGroup section */

/* Begin PBXNativeTarget section */
		FC72C5E72CC54E8A005297A1 /* PocketPoker */ = {
			isa = PBXNativeTarget;
			buildConfigurationList = FC72C60C2CC54E8B005297A1 /* Build configuration list for PBXNativeTarget "PocketPoker" */;
			buildPhases = (
				FC72C5E42CC54E8A005297A1 /* Sources */,
				FC72C5E52CC54E8A005297A1 /* Frameworks */,
				FC72C5E62CC54E8A005297A1 /* Resources */,
			);
			buildRules = (
			);
			dependencies = (
			);
			fileSystemSynchronizedGroups = (
				FC72C5EA2CC54E8A005297A1 /* PocketPoker */,
			);
			name = PocketPoker;
			packageProductDependencies = (
			);
			productName = PocketPoker;
			productReference = FC72C5E82CC54E8A005297A1 /* PocketPoker.app */;
			productType = "com.apple.product-type.application";
		};
		FC72C5F72CC54E8B005297A1 /* PocketPokerTests */ = {
			isa = PBXNativeTarget;
			buildConfigurationList = FC72C60F2CC54E8B005297A1 /* Build configuration list for PBXNativeTarget "PocketPokerTests" */;
			buildPhases = (
				FC72C5F42CC54E8B005297A1 /* Sources */,
				FC72C5F52CC54E8B005297A1 /* Frameworks */,
				FC72C5F62CC54E8B005297A1 /* Resources */,
			);
			buildRules = (
			);
			dependencies = (
				FC72C5FA2CC54E8B005297A1 /* PBXTargetDependency */,
			);
			fileSystemSynchronizedGroups = (
				FC72C5FB2CC54E8B005297A1 /* PocketPokerTests */,
			);
			name = PocketPokerTests;
			packageProductDependencies = (
			);
			productName = PocketPokerTests;
			productReference = FC72C5F82CC54E8B005297A1 /* PocketPokerTests.xctest */;
			productType = "com.apple.product-type.bundle.unit-test";
		};
		FC72C6012CC54E8B005297A1 /* PocketPokerUITests */ = {
			isa = PBXNativeTarget;
			buildConfigurationList = FC72C6122CC54E8B005297A1 /* Build configuration list for PBXNativeTarget "PocketPokerUITests" */;
			buildPhases = (
				FC72C5FE2CC54E8B005297A1 /* Sources */,
				FC72C5FF2CC54E8B005297A1 /* Frameworks */,
				FC72C6002CC54E8B005297A1 /* Resources */,
			);
			buildRules = (
			);
			dependencies = (
				FC72C6042CC54E8B005297A1 /* PBXTargetDependency */,
			);
			fileSystemSynchronizedGroups = (
				FC72C6052CC54E8B005297A1 /* PocketPokerUITests */,
			);
			name = PocketPokerUITests;
			packageProductDependencies = (
			);
			productName = PocketPokerUITests;
			productReference = FC72C6022CC54E8B005297A1 /* PocketPokerUITests.xctest */;
			productType = "com.apple.product-type.bundle.ui-testing";
		};
/* End PBXNativeTarget section */

/* Begin PBXProject section */
		FC72C5E02CC54E8A005297A1 /* Project object */ = {
			isa = PBXProject;
			attributes = {
				BuildIndependentTargetsInParallel = 1;
				LastSwiftUpdateCheck = 1600;
				LastUpgradeCheck = 1600;
				TargetAttributes = {
					FC72C5E72CC54E8A005297A1 = {
						CreatedOnToolsVersion = 16.0;
					};
					FC72C5F72CC54E8B005297A1 = {
						CreatedOnToolsVersion = 16.0;
						TestTargetID = FC72C5E72CC54E8A005297A1;
					};
					FC72C6012CC54E8B005297A1 = {
						CreatedOnToolsVersion = 16.0;
						TestTargetID = FC72C5E72CC54E8A005297A1;
					};
				};
			};
			buildConfigurationList = FC72C5E32CC54E8A005297A1 /* Build configuration list for PBXProject "PocketPoker" */;
			developmentRegion = en;
			hasScannedForEncodings = 0;
			knownRegions = (
				en,
				Base,
			);
			mainGroup = FC72C5DF2CC54E8A005297A1;
			minimizedProjectReferenceProxies = 1;
			preferredProjectObjectVersion = 77;
			productRefGroup = FC72C5E92CC54E8A005297A1 /* Products */;
			projectDirPath = "";
			projectRoot = "";
			targets = (
				FC72C5E72CC54E8A005297A1 /* PocketPoker */,
				FC72C5F72CC54E8B005297A1 /* PocketPokerTests */,
				FC72C6012CC54E8B005297A1 /* PocketPokerUITests */,
			);
		};
/* End PBXProject section */

/* Begin PBXResourcesBuildPhase section */
		FC72C5E62CC54E8A005297A1 /* Resources */ = {
			isa = PBXResourcesBuildPhase;
			buildActionMask = 2147483647;
			files = (
			);
			runOnlyForDeploymentPostprocessing = 0;
		};
		FC72C5F62CC54E8B005297A1 /* Resources */ = {
			isa = PBXResourcesBuildPhase;
			buildActionMask = 2147483647;
			files = (
			);
			runOnlyForDeploymentPostprocessing = 0;
		};
		FC72C6002CC54E8B005297A1 /* Resources */ = {
			isa = PBXResourcesBuildPhase;
			buildActionMask = 2147483647;
			files = (
			);
			runOnlyForDeploymentPostprocessing = 0;
		};
/* End PBXResourcesBuildPhase section */

/* Begin PBXSourcesBuildPhase section */
		FC72C5E42CC54E8A005297A1 /* Sources */ = {
			isa = PBXSourcesBuildPhase;
			buildActionMask = 2147483647;
			files = (
			);
			runOnlyForDeploymentPostprocessing = 0;
		};
		FC72C5F42CC54E8B005297A1 /* Sources */ = {
			isa = PBXSourcesBuildPhase;
			buildActionMask = 2147483647;
			files = (
			);
			runOnlyForDeploymentPostprocessing = 0;
		};
		FC72C5FE2CC54E8B005297A1 /* Sources */ = {
			isa = PBXSourcesBuildPhase;
			buildActionMask = 2147483647;
			files = (
			);
			runOnlyForDeploymentPostprocessing = 0;
		};
/* End PBXSourcesBuildPhase section */

/* Begin PBXTargetDependency section */
		FC72C5FA2CC54E8B005297A1 /* PBXTargetDependency */ = {
			isa = PBXTargetDependency;
			target = FC72C5E72CC54E8A005297A1 /* PocketPoker */;
			targetProxy = FC72C5F92CC54E8B005297A1 /* PBXContainerItemProxy */;
		};
		FC72C6042CC54E8B005297A1 /* PBXTargetDependency */ = {
			isa = PBXTargetDependency;
			target = FC72C5E72CC54E8A005297A1 /* PocketPoker */;
			targetProxy = FC72C6032CC54E8B005297A1 /* PBXContainerItemProxy */;
		};
/* End PBXTargetDependency section */

/* Begin XCBuildConfiguration section */
		FC72C60A2CC54E8B005297A1 /* Debug */ = {
			isa = XCBuildConfiguration;
			buildSettings = {
				ALWAYS_SEARCH_USER_PATHS = NO;
				ASSETCATALOG_COMPILER_GENERATE_SWIFT_ASSET_SYMBOL_EXTENSIONS = YES;
				CLANG_ANALYZER_NONNULL = YES;
				CLANG_ANALYZER_NUMBER_OBJECT_CONVERSION = YES_AGGRESSIVE;
				CLANG_CXX_LANGUAGE_STANDARD = "gnu++20";
				CLANG_ENABLE_MODULES = YES;
				CLANG_ENABLE_OBJC_ARC = YES;
				CLANG_ENABLE_OBJC_WEAK = YES;
				CLANG_WARN_BLOCK_CAPTURE_AUTORELEASING = YES;
				CLANG_WARN_BOOL_CONVERSION = YES;
				CLANG_WARN_COMMA = YES;
				CLANG_WARN_CONSTANT_CONVERSION = YES;
				CLANG_WARN_DEPRECATED_OBJC_IMPLEMENTATIONS = YES;
				CLANG_WARN_DIRECT_OBJC_ISA_USAGE = YES_ERROR;
				CLANG_WARN_DOCUMENTATION_COMMENTS = YES;
				CLANG_WARN_EMPTY_BODY = YES;
				CLANG_WARN_ENUM_CONVERSION = YES;
				CLANG_WARN_INFINITE_RECURSION = YES;
				CLANG_WARN_INT_CONVERSION = YES;
				CLANG_WARN_NON_LITERAL_NULL_CONVERSION = YES;
				CLANG_WARN_OBJC_IMPLICIT_RETAIN_SELF = YES;
				CLANG_WARN_OBJC_LITERAL_CONVERSION = YES;
				CLANG_WARN_OBJC_ROOT_CLASS = YES_ERROR;
				CLANG_WARN_QUOTED_INCLUDE_IN_FRAMEWORK_HEADER = YES;
				CLANG_WARN_RANGE_LOOP_ANALYSIS = YES;
				CLANG_WARN_STRICT_PROTOTYPES = YES;
				CLANG_WARN_SUSPICIOUS_MOVE = YES;
				CLANG_WARN_UNGUARDED_AVAILABILITY = YES_AGGRESSIVE;
				CLANG_WARN_UNREACHABLE_CODE = YES;
				CLANG_WARN__DUPLICATE_METHOD_MATCH = YES;
				COPY_PHASE_STRIP = NO;
				DEBUG_INFORMATION_FORMAT = dwarf;
				ENABLE_STRICT_OBJC_MSGSEND = YES;
				ENABLE_TESTABILITY = YES;
				ENABLE_USER_SCRIPT_SANDBOXING = YES;
				GCC_C_LANGUAGE_STANDARD = gnu17;
				GCC_DYNAMIC_NO_PIC = NO;
				GCC_NO_COMMON_BLOCKS = YES;
				GCC_OPTIMIZATION_LEVEL = 0;
				GCC_PREPROCESSOR_DEFINITIONS = (
					"DEBUG=1",
					"$(inherited)",
				);
				GCC_WARN_64_TO_32_BIT_CONVERSION = YES;
				GCC_WARN_ABOUT_RETURN_TYPE = YES_ERROR;
				GCC_WARN_UNDECLARED_SELECTOR = YES;
				GCC_WARN_UNINITIALIZED_AUTOS = YES_AGGRESSIVE;
				GCC_WARN_UNUSED_FUNCTION = YES;
				GCC_WARN_UNUSED_VARIABLE = YES;
				IPHONEOS_DEPLOYMENT_TARGET = 18.0;
				LOCALIZATION_PREFERS_STRING_CATALOGS = YES;
				MTL_ENABLE_DEBUG_INFO = INCLUDE_SOURCE;
				MTL_FAST_MATH = YES;
				ONLY_ACTIVE_ARCH = YES;
				SDKROOT = iphoneos;
				SWIFT_ACTIVE_COMPILATION_CONDITIONS = "DEBUG $(inherited)";
				SWIFT_OPTIMIZATION_LEVEL = "-Onone";
			};
			name = Debug;
		};
		FC72C60B2CC54E8B005297A1 /* Release */ = {
			isa = XCBuildConfiguration;
			buildSettings = {
				ALWAYS_SEARCH_USER_PATHS = NO;
				ASSETCATALOG_COMPILER_GENERATE_SWIFT_ASSET_SYMBOL_EXTENSIONS = YES;
				CLANG_ANALYZER_NONNULL = YES;
				CLANG_ANALYZER_NUMBER_OBJECT_CONVERSION = YES_AGGRESSIVE;
				CLANG_CXX_LANGUAGE_STANDARD = "gnu++20";
				CLANG_ENABLE_MODULES = YES;
				CLANG_ENABLE_OBJC_ARC = YES;
				CLANG_ENABLE_OBJC_WEAK = YES;
				CLANG_WARN_BLOCK_CAPTURE_AUTORELEASING = YES;
				CLANG_WARN_BOOL_CONVERSION = YES;
				CLANG_WARN_COMMA = YES;
				CLANG_WARN_CONSTANT_CONVERSION = YES;
				CLANG_WARN_DEPRECATED_OBJC_IMPLEMENTATIONS = YES;
				CLANG_WARN_DIRECT_OBJC_ISA_USAGE = YES_ERROR;
				CLANG_WARN_DOCUMENTATION_COMMENTS = YES;
				CLANG_WARN_EMPTY_BODY = YES;
				CLANG_WARN_ENUM_CONVERSION = YES;
				CLANG_WARN_INFINITE_RECURSION = YES;
				CLANG_WARN_INT_CONVERSION = YES;
				CLANG_WARN_NON_LITERAL_NULL_CONVERSION = YES;
				CLANG_WARN_OBJC_IMPLICIT_RETAIN_SELF = YES;
				CLANG_WARN_OBJC_LITERAL_CONVERSION = YES;
				CLANG_WARN_OBJC_ROOT_CLASS = YES_ERROR;
				CLANG_WARN_QUOTED_INCLUDE_IN_FRAMEWORK_HEADER = YES;
				CLANG_WARN_RANGE_LOOP_ANALYSIS = YES;
				CLANG_WARN_STRICT_PROTOTYPES = YES;
				CLANG_WARN_SUSPICIOUS_MOVE = YES;
				CLANG_WARN_UNGUARDED_AVAILABILITY = YES_AGGRESSIVE;
				CLANG_WARN_UNREACHABLE_CODE = YES;
				CLANG_WARN__DUPLICATE_METHOD_MATCH = YES;
				COPY_PHASE_STRIP = NO;
				DEBUG_INFORMATION_FORMAT = "dwarf-with-dsym";
				ENABLE_NS_ASSERTIONS = NO;
				ENABLE_STRICT_OBJC_MSGSEND = YES;
				ENABLE_USER_SCRIPT_SANDBOXING = YES;
				GCC_C_LANGUAGE_STANDARD = gnu17;
				GCC_NO_COMMON_BLOCKS = YES;
				GCC_WARN_64_TO_32_BIT_CONVERSION = YES;
				GCC_WARN_ABOUT_RETURN_TYPE = YES_ERROR;
				GCC_WARN_UNDECLARED_SELECTOR = YES;
				GCC_WARN_UNINITIALIZED_AUTOS = YES_AGGRESSIVE;
				GCC_WARN_UNUSED_FUNCTION = YES;
				GCC_WARN_UNUSED_VARIABLE = YES;
				IPHONEOS_DEPLOYMENT_TARGET = 18.0;
				LOCALIZATION_PREFERS_STRING_CATALOGS = YES;
				MTL_ENABLE_DEBUG_INFO = NO;
				MTL_FAST_MATH = YES;
				SDKROOT = iphoneos;
				SWIFT_COMPILATION_MODE = wholemodule;
				VALIDATE_PRODUCT = YES;
			};
			name = Release;
		};
		FC72C60D2CC54E8B005297A1 /* Debug */ = {
			isa = XCBuildConfiguration;
			buildSettings = {
				ASSETCATALOG_COMPILER_APPICON_NAME = AppIcon;
				ASSETCATALOG_COMPILER_GLOBAL_ACCENT_COLOR_NAME = AccentColor;
				CODE_SIGN_STYLE = Automatic;
				CURRENT_PROJECT_VERSION = 1;
				DEVELOPMENT_ASSET_PATHS = "\"PocketPoker/Preview Content\"";
				DEVELOPMENT_TEAM = HDK4J957HT;
				ENABLE_PREVIEWS = YES;
				GENERATE_INFOPLIST_FILE = YES;
				INFOPLIST_KEY_UIApplicationSceneManifest_Generation = YES;
				INFOPLIST_KEY_UIApplicationSupportsIndirectInputEvents = YES;
				INFOPLIST_KEY_UILaunchScreen_Generation = YES;
				INFOPLIST_KEY_UISupportedInterfaceOrientations_iPad = "UIInterfaceOrientationPortrait UIInterfaceOrientationPortraitUpsideDown UIInterfaceOrientationLandscapeLeft UIInterfaceOrientationLandscapeRight";
				INFOPLIST_KEY_UISupportedInterfaceOrientations_iPhone = "UIInterfaceOrientationPortrait UIInterfaceOrientationLandscapeLeft UIInterfaceOrientationLandscapeRight";
				LD_RUNPATH_SEARCH_PATHS = (
					"$(inherited)",
					"@executable_path/Frameworks",
				);
				MARKETING_VERSION = 1.0;
				PRODUCT_BUNDLE_IDENTIFIER = JonathanJacquat.PocketPoker;
				PRODUCT_NAME = "$(TARGET_NAME)";
				SWIFT_EMIT_LOC_STRINGS = YES;
				SWIFT_VERSION = 5.0;
				TARGETED_DEVICE_FAMILY = "1,2";
			};
			name = Debug;
		};
		FC72C60E2CC54E8B005297A1 /* Release */ = {
			isa = XCBuildConfiguration;
			buildSettings = {
				ASSETCATALOG_COMPILER_APPICON_NAME = AppIcon;
				ASSETCATALOG_COMPILER_GLOBAL_ACCENT_COLOR_NAME = AccentColor;
				CODE_SIGN_STYLE = Automatic;
				CURRENT_PROJECT_VERSION = 1;
				DEVELOPMENT_ASSET_PATHS = "\"PocketPoker/Preview Content\"";
				DEVELOPMENT_TEAM = HDK4J957HT;
				ENABLE_PREVIEWS = YES;
				GENERATE_INFOPLIST_FILE = YES;
				INFOPLIST_KEY_UIApplicationSceneManifest_Generation = YES;
				INFOPLIST_KEY_UIApplicationSupportsIndirectInputEvents = YES;
				INFOPLIST_KEY_UILaunchScreen_Generation = YES;
				INFOPLIST_KEY_UISupportedInterfaceOrientations_iPad = "UIInterfaceOrientationPortrait UIInterfaceOrientationPortraitUpsideDown UIInterfaceOrientationLandscapeLeft UIInterfaceOrientationLandscapeRight";
				INFOPLIST_KEY_UISupportedInterfaceOrientations_iPhone = "UIInterfaceOrientationPortrait UIInterfaceOrientationLandscapeLeft UIInterfaceOrientationLandscapeRight";
				LD_RUNPATH_SEARCH_PATHS = (
					"$(inherited)",
					"@executable_path/Frameworks",
				);
				MARKETING_VERSION = 1.0;
				PRODUCT_BUNDLE_IDENTIFIER = JonathanJacquat.PocketPoker;
				PRODUCT_NAME = "$(TARGET_NAME)";
				SWIFT_EMIT_LOC_STRINGS = YES;
				SWIFT_VERSION = 5.0;
				TARGETED_DEVICE_FAMILY = "1,2";
			};
			name = Release;
		};
		FC72C6102CC54E8B005297A1 /* Debug */ = {
			isa = XCBuildConfiguration;
			buildSettings = {
				BUNDLE_LOADER = "$(TEST_HOST)";
				CODE_SIGN_STYLE = Automatic;
				CURRENT_PROJECT_VERSION = 1;
				DEVELOPMENT_TEAM = HDK4J957HT;
				GENERATE_INFOPLIST_FILE = YES;
				IPHONEOS_DEPLOYMENT_TARGET = 18.0;
				MARKETING_VERSION = 1.0;
				PRODUCT_BUNDLE_IDENTIFIER = JonathanJacquat.PocketPokerTests;
				PRODUCT_NAME = "$(TARGET_NAME)";
				SWIFT_EMIT_LOC_STRINGS = NO;
				SWIFT_VERSION = 5.0;
				TARGETED_DEVICE_FAMILY = "1,2";
				TEST_HOST = "$(BUILT_PRODUCTS_DIR)/PocketPoker.app/$(BUNDLE_EXECUTABLE_FOLDER_PATH)/PocketPoker";
			};
			name = Debug;
		};
		FC72C6112CC54E8B005297A1 /* Release */ = {
			isa = XCBuildConfiguration;
			buildSettings = {
				BUNDLE_LOADER = "$(TEST_HOST)";
				CODE_SIGN_STYLE = Automatic;
				CURRENT_PROJECT_VERSION = 1;
				DEVELOPMENT_TEAM = HDK4J957HT;
				GENERATE_INFOPLIST_FILE = YES;
				IPHONEOS_DEPLOYMENT_TARGET = 18.0;
				MARKETING_VERSION = 1.0;
				PRODUCT_BUNDLE_IDENTIFIER = JonathanJacquat.PocketPokerTests;
				PRODUCT_NAME = "$(TARGET_NAME)";
				SWIFT_EMIT_LOC_STRINGS = NO;
				SWIFT_VERSION = 5.0;
				TARGETED_DEVICE_FAMILY = "1,2";
				TEST_HOST = "$(BUILT_PRODUCTS_DIR)/PocketPoker.app/$(BUNDLE_EXECUTABLE_FOLDER_PATH)/PocketPoker";
			};
			name = Release;
		};
		FC72C6132CC54E8B005297A1 /* Debug */ = {
			isa = XCBuildConfiguration;
			buildSettings = {
				CODE_SIGN_STYLE = Automatic;
				CURRENT_PROJECT_VERSION = 1;
				DEVELOPMENT_TEAM = HDK4J957HT;
				GENERATE_INFOPLIST_FILE = YES;
				MARKETING_VERSION = 1.0;
				PRODUCT_BUNDLE_IDENTIFIER = JonathanJacquat.PocketPokerUITests;
				PRODUCT_NAME = "$(TARGET_NAME)";
				SWIFT_EMIT_LOC_STRINGS = NO;
				SWIFT_VERSION = 5.0;
				TARGETED_DEVICE_FAMILY = "1,2";
				TEST_TARGET_NAME = PocketPoker;
			};
			name = Debug;
		};
		FC72C6142CC54E8B005297A1 /* Release */ = {
			isa = XCBuildConfiguration;
			buildSettings = {
				CODE_SIGN_STYLE = Automatic;
				CURRENT_PROJECT_VERSION = 1;
				DEVELOPMENT_TEAM = HDK4J957HT;
				GENERATE_INFOPLIST_FILE = YES;
				MARKETING_VERSION = 1.0;
				PRODUCT_BUNDLE_IDENTIFIER = JonathanJacquat.PocketPokerUITests;
				PRODUCT_NAME = "$(TARGET_NAME)";
				SWIFT_EMIT_LOC_STRINGS = NO;
				SWIFT_VERSION = 5.0;
				TARGETED_DEVICE_FAMILY = "1,2";
				TEST_TARGET_NAME = PocketPoker;
			};
			name = Release;
		};
/* End XCBuildConfiguration section */

/* Begin XCConfigurationList section */
		FC72C5E32CC54E8A005297A1 /* Build configuration list for PBXProject "PocketPoker" */ = {
			isa = XCConfigurationList;
			buildConfigurations = (
				FC72C60A2CC54E8B005297A1 /* Debug */,
				FC72C60B2CC54E8B005297A1 /* Release */,
			);
			defaultConfigurationIsVisible = 0;
			defaultConfigurationName = Release;
		};
		FC72C60C2CC54E8B005297A1 /* Build configuration list for PBXNativeTarget "PocketPoker" */ = {
			isa = XCConfigurationList;
			buildConfigurations = (
				FC72C60D2CC54E8B005297A1 /* Debug */,
				FC72C60E2CC54E8B005297A1 /* Release */,
			);
			defaultConfigurationIsVisible = 0;
			defaultConfigurationName = Release;
		};
		FC72C60F2CC54E8B005297A1 /* Build configuration list for PBXNativeTarget "PocketPokerTests" */ = {
			isa = XCConfigurationList;
			buildConfigurations = (
				FC72C6102CC54E8B005297A1 /* Debug */,
				FC72C6112CC54E8B005297A1 /* Release */,
			);
			defaultConfigurationIsVisible = 0;
			defaultConfigurationName = Release;
		};
		FC72C6122CC54E8B005297A1 /* Build configuration list for PBXNativeTarget "PocketPokerUITests" */ = {
			isa = XCConfigurationList;
			buildConfigurations = (
				FC72C6132CC54E8B005297A1 /* Debug */,
				FC72C6142CC54E8B005297A1 /* Release */,
			);
			defaultConfigurationIsVisible = 0;
			defaultConfigurationName = Release;
		};
/* End XCConfigurationList section */
	};
	rootObject = FC72C5E02CC54E8A005297A1 /* Project object */;
}
